# This file is automatically @generated by Cargo.
# It is not intended for manual editing.
[[package]]
name = "bitflags"
version = "1.2.1"
source = "registry+https://github.com/rust-lang/crates.io-index"
checksum = "cf1de2fe8c75bc145a2f577add951f8134889b4795d47466a54a5c846d691693"

[[package]]
name = "input"
version = "0.5.0"
source = "registry+https://github.com/rust-lang/crates.io-index"
checksum = "7b570ce0cf0115301f698e7cafa8256e00a73a648410ed92d22f2fa8bd39fe6c"
dependencies = [
 "bitflags",
 "input-sys",
 "libc 0.2.80",
 "udev",
]

[[package]]
name = "input-sys"
version = "1.15.0"
source = "registry+https://github.com/rust-lang/crates.io-index"
checksum = "fe05df7fcf65aaa4cbd92b5203bba00bfd906fe3f7213a884a830abd36946a55"
dependencies = [
 "libc 0.2.80",
]

[[package]]
name = "khronos"
version = "0.1.2"
source = "registry+https://github.com/rust-lang/crates.io-index"
checksum = "c0711aaa80e6ba6eb1fa8978f1f46bfcb38ceb2f3f33f3736efbff39dac89f50"
dependencies = [
 "libc 0.1.12",
]

[[package]]
name = "khronos-egl"
version = "2.0.0"
dependencies = [
 "khronos",
 "libc 0.2.80",
]

[[package]]
name = "libc"
version = "0.1.12"
source = "registry+https://github.com/rust-lang/crates.io-index"
checksum = "e32a70cf75e5846d53a673923498228bbec6a8624708a9ea5645f075d6276122"

[[package]]
name = "libc"
version = "0.2.80"
source = "registry+https://github.com/rust-lang/crates.io-index"
checksum = "4d58d1b70b004888f764dfbf6a26a3b0342a1632d33968e4a179d8011c760614"

[[package]]
name = "libudev-sys"
version = "0.1.4"
dependencies = [
 "libc 0.2.80",
 "pkg-config",
]

[[package]]
name = "pkg-config"
version = "0.3.19"
source = "registry+https://github.com/rust-lang/crates.io-index"
checksum = "3831453b3449ceb48b6d9c7ad7c96d5ea673e9b470a1dc578c2ce6521230884c"

[[package]]
name = "testbed_replay"
version = "0.1.0"
dependencies = [
 "input",
 "khronos-egl",
]

[[package]]
name = "udev"
version = "0.4.0"
source = "registry+https://github.com/rust-lang/crates.io-index"
checksum = "24953d50a3bce0f5f5a9a2766567072dc9af8096f8c40ea81815da651066bc9f"
dependencies = [
 "libc 0.2.80",
 "libudev-sys",
]
