# This file is automatically @generated by Cargo.
# It is not intended for manual editing.
[[package]]
name = "khronos"
version = "0.1.2"
source = "registry+https://github.com/rust-lang/crates.io-index"
checksum = "c0711aaa80e6ba6eb1fa8978f1f46bfcb38ceb2f3f33f3736efbff39dac89f50"
dependencies = [
 "libc 0.1.12",
]

[[package]]
name = "khronos-egl"
version = "2.0.0"
dependencies = [
 "khronos",
 "libc 0.2.80",
]

[[package]]
name = "libc"
version = "0.1.12"
source = "registry+https://github.com/rust-lang/crates.io-index"
checksum = "e32a70cf75e5846d53a673923498228bbec6a8624708a9ea5645f075d6276122"

[[package]]
name = "libc"
version = "0.2.80"
source = "registry+https://github.com/rust-lang/crates.io-index"
checksum = "4d58d1b70b004888f764dfbf6a26a3b0342a1632d33968e4a179d8011c760614"

[[package]]
name = "testbed_replay"
version = "0.1.0"
dependencies = [
 "khronos-egl",
]
